// !$*UTF8*$!
{
	archiveVersion = 1;
	classes = {
	};
	objectVersion = 46;
	objects = {

/* Begin PBXBuildFile section */
		EBB177611C3FAEF9007BAE28 /* AppDelegate.swift in Sources */ = {isa = PBXBuildFile; fileRef = EBB177601C3FAEF9007BAE28 /* AppDelegate.swift */; };
		EBB177631C3FAEF9007BAE28 /* ViewController.swift in Sources */ = {isa = PBXBuildFile; fileRef = EBB177621C3FAEF9007BAE28 /* ViewController.swift */; };
		EBB177661C3FAEF9007BAE28 /* Main.storyboard in Resources */ = {isa = PBXBuildFile; fileRef = EBB177641C3FAEF9007BAE28 /* Main.storyboard */; };
		EBB177681C3FAEF9007BAE28 /* Assets.xcassets in Resources */ = {isa = PBXBuildFile; fileRef = EBB177671C3FAEF9007BAE28 /* Assets.xcassets */; };
		EBB1776B1C3FAEF9007BAE28 /* LaunchScreen.storyboard in Resources */ = {isa = PBXBuildFile; fileRef = EBB177691C3FAEF9007BAE28 /* LaunchScreen.storyboard */; };
/* End PBXBuildFile section */

/* Begin PBXFileReference section */
		EBB1775D1C3FAEF9007BAE28 /* SuperCool.app */ = {isa = PBXFileReference; explicitFileType = wrapper.application; includeInIndex = 0; path = SuperCool.app; sourceTree = BUILT_PRODUCTS_DIR; };
		EBB177601C3FAEF9007BAE28 /* AppDelegate.swift */ = {isa = PBXFileReference; lastKnownFileType = sourcecode.swift; path = AppDelegate.swift; sourceTree = "<group>"; };
		EBB177621C3FAEF9007BAE28 /* ViewController.swift */ = {isa = PBXFileReference; lastKnownFileType = sourcecode.swift; path = ViewController.swift; sourceTree = "<group>"; };
		EBB177651C3FAEF9007BAE28 /* Base */ = {isa = PBXFileReference; lastKnownFileType = file.storyboard; name = Base; path = Base.lproj/Main.storyboard; sourceTree = "<group>"; };
		EBB177671C3FAEF9007BAE28 /* Assets.xcassets */ = {isa = PBXFileReference; lastKnownFileType = folder.assetcatalog; path = Assets.xcassets; sourceTree = "<group>"; };
		EBB1776A1C3FAEF9007BAE28 /* Base */ = {isa = PBXFileReference; lastKnownFileType = file.storyboard; name = Base; path = Base.lproj/LaunchScreen.storyboard; sourceTree = "<group>"; };
		EBB1776C1C3FAEF9007BAE28 /* Info.plist */ = {isa = PBXFileReference; lastKnownFileType = text.plist.xml; path = Info.plist; sourceTree = "<group>"; };
/* End PBXFileReference section */

/* Begin PBXFrameworksBuildPhase section */
		EBB1775A1C3FAEF8007BAE28 /* Frameworks */ = {
			isa = PBXFrameworksBuildPhase;
			buildActionMask = 2147483647;
			files = (
			);
			runOnlyForDeploymentPostprocessing = 0;
		};
/* End PBXFrameworksBuildPhase section */

/* Begin PBXGroup section */
		EBB177541C3FAEF8007BAE28 = {
			isa = PBXGroup;
			children = (
				EBB1775F1C3FAEF9007BAE28 /* SuperCool */,
				EBB1775E1C3FAEF9007BAE28 /* Products */,
			);
			sourceTree = "<group>";
		};
		EBB1775E1C3FAEF9007BAE28 /* Products */ = {
			isa = PBXGroup;
			children = (
				EBB1775D1C3FAEF9007BAE28 /* SuperCool.app */,
			);
			name = Products;
			sourceTree = "<group>";
		};
		EBB1775F1C3FAEF9007BAE28 /* SuperCool */ = {
			isa = PBXGroup;
			children = (
				EBB177601C3FAEF9007BAE28 /* AppDelegate.swift */,
				EBB177621C3FAEF9007BAE28 /* ViewController.swift */,
				EBB177641C3FAEF9007BAE28 /* Main.storyboard */,
				EBB177671C3FAEF9007BAE28 /* Assets.xcassets */,
				EBB177691C3FAEF9007BAE28 /* LaunchScreen.storyboard */,
				EBB1776C1C3FAEF9007BAE28 /* Info.plist */,
			);
			path = SuperCool;
			sourceTree = "<group>";
		};
/* End PBXGroup section */

/* Begin PBXNativeTarget section */
		EBB1775C1C3FAEF8007BAE28 /* SuperCool */ = {
			isa = PBXNativeTarget;
			buildConfigurationList = EBB1776F1C3FAEF9007BAE28 /* Build configuration list for PBXNativeTarget "SuperCool" */;
			buildPhases = (
				EBB177591C3FAEF8007BAE28 /* Sources */,
				EBB1775A1C3FAEF8007BAE28 /* Frameworks */,
				EBB1775B1C3FAEF8007BAE28 /* Resources */,
			);
			buildRules = (
			);
			dependencies = (
			);
			name = SuperCool;
			productName = SuperCool;
			productReference = EBB1775D1C3FAEF9007BAE28 /* SuperCool.app */;
			productType = "com.apple.product-type.application";
		};
/* End PBXNativeTarget section */

/* Begin PBXProject section */
		EBB177551C3FAEF8007BAE28 /* Project object */ = {
			isa = PBXProject;
			attributes = {
				LastSwiftUpdateCheck = 0720;
				LastUpgradeCheck = 0720;
				ORGANIZATIONNAME = "Mengying Feng";
				TargetAttributes = {
					EBB1775C1C3FAEF8007BAE28 = {
						CreatedOnToolsVersion = 7.2;
					};
				};
			};
			buildConfigurationList = EBB177581C3FAEF8007BAE28 /* Build configuration list for PBXProject "SuperCool" */;
			compatibilityVersion = "Xcode 3.2";
			developmentRegion = English;
			hasScannedForEncodings = 0;
			knownRegions = (
				en,
				Base,
			);
			mainGroup = EBB177541C3FAEF8007BAE28;
			productRefGroup = EBB1775E1C3FAEF9007BAE28 /* Products */;
			projectDirPath = "";
			projectRoot = "";
			targets = (
				EBB1775C1C3FAEF8007BAE28 /* SuperCool */,
			);
		};
/* End PBXProject section */

/* Begin PBXResourcesBuildPhase section */
		EBB1775B1C3FAEF8007BAE28 /* Resources */ = {
			isa = PBXResourcesBuildPhase;
			buildActionMask = 2147483647;
			files = (
				EBB1776B1C3FAEF9007BAE28 /* LaunchScreen.storyboard in Resources */,
				EBB177681C3FAEF9007BAE28 /* Assets.xcassets in Resources */,
				EBB177661C3FAEF9007BAE28 /* Main.storyboard in Resources */,
			);
			runOnlyForDeploymentPostprocessing = 0;
		};
/* End PBXResourcesBuildPhase section */

/* Begin PBXSourcesBuildPhase section */
		EBB177591C3FAEF8007BAE28 /* Sources */ = {
			isa = PBXSourcesBuildPhase;
			buildActionMask = 2147483647;
			files = (
				EBB177631C3FAEF9007BAE28 /* ViewController.swift in Sources */,
				EBB177611C3FAEF9007BAE28 /* AppDelegate.swift in Sources */,
			);
			runOnlyForDeploymentPostprocessing = 0;
		};
/* End PBXSourcesBuildPhase section */

/* Begin PBXVariantGroup section */
		EBB177641C3FAEF9007BAE28 /* Main.storyboard */ = {
			isa = PBXVariantGroup;
			children = (
				EBB177651C3FAEF9007BAE28 /* Base */,
			);
			name = Main.storyboard;
			sourceTree = "<group>";
		};
		EBB177691C3FAEF9007BAE28 /* LaunchScreen.storyboard */ = {
			isa = PBXVariantGroup;
			children = (
				EBB1776A1C3FAEF9007BAE28 /* Base */,
			);
			name = LaunchScreen.storyboard;
			sourceTree = "<group>";
		};
/* End PBXVariantGroup section */

/* Begin XCBuildConfiguration section */
		EBB1776D1C3FAEF9007BAE28 /* Debug */ = {
			isa = XCBuildConfiguration;
			buildSettings = {
				ALWAYS_SEARCH_USER_PATHS = NO;
				CLANG_CXX_LANGUAGE_STANDARD = "gnu++0x";
				CLANG_CXX_LIBRARY = "libc++";
				CLANG_ENABLE_MODULES = YES;
				CLANG_ENABLE_OBJC_ARC = YES;
				CLANG_WARN_BOOL_CONVERSION = YES;
				CLANG_WARN_CONSTANT_CONVERSION = YES;
				CLANG_WARN_DIRECT_OBJC_ISA_USAGE = YES_ERROR;
				CLANG_WARN_EMPTY_BODY = YES;
				CLANG_WARN_ENUM_CONVERSION = YES;
				CLANG_WARN_INT_CONVERSION = YES;
				CLANG_WARN_OBJC_ROOT_CLASS = YES_ERROR;
				CLANG_WARN_UNREACHABLE_CODE = YES;
				CLANG_WARN__DUPLICATE_METHOD_MATCH = YES;
				"CODE_SIGN_IDENTITY[sdk=iphoneos*]" = "iPhone Developer";
				COPY_PHASE_STRIP = NO;
				DEBUG_INFORMATION_FORMAT = dwarf;
				ENABLE_STRICT_OBJC_MSGSEND = YES;
				ENABLE_TESTABILITY = YES;
				GCC_C_LANGUAGE_STANDARD = gnu99;
				GCC_DYNAMIC_NO_PIC = NO;
				GCC_NO_COMMON_BLOCKS = YES;
				GCC_OPTIMIZATION_LEVEL = 0;
				GCC_PREPROCESSOR_DEFINITIONS = (
					"DEBUG=1",
					"$(inherited)",
				);
				GCC_WARN_64_TO_32_BIT_CONVERSION = YES;
				GCC_WARN_ABOUT_RETURN_TYPE = YES_ERROR;
				GCC_WARN_UNDECLARED_SELECTOR = YES;
				GCC_WARN_UNINITIALIZED_AUTOS = YES_AGGRESSIVE;
				GCC_WARN_UNUSED_FUNCTION = YES;
				GCC_WARN_UNUSED_VARIABLE = YES;
				IPHONEOS_DEPLOYMENT_TARGET = 9.2;
				MTL_ENABLE_DEBUG_INFO = YES;
				ONLY_ACTIVE_ARCH = YES;
				SDKROOT = iphoneos;
				SWIFT_OPTIMIZATION_LEVEL = "-Onone";
			};
			name = Debug;
		};
		EBB1776E1C3FAEF9007BAE28 /* Release */ = {
			isa = XCBuildConfiguration;
			buildSettings = {
				ALWAYS_SEARCH_USER_PATHS = NO;
				CLANG_CXX_LANGUAGE_STANDARD = "gnu++0x";
				CLANG_CXX_LIBRARY = "libc++";
				CLANG_ENABLE_MODULES = YES;
				CLANG_ENABLE_OBJC_ARC = YES;
				CLANG_WARN_BOOL_CONVERSION = YES;
				CLANG_WARN_CONSTANT_CONVERSION = YES;
				CLANG_WARN_DIRECT_OBJC_ISA_USAGE = YES_ERROR;
				CLANG_WARN_EMPTY_BODY = YES;
				CLANG_WARN_ENUM_CONVERSION = YES;
				CLANG_WARN_INT_CONVERSION = YES;
				CLANG_WARN_OBJC_ROOT_CLASS = YES_ERROR;
				CLANG_WARN_UNREACHABLE_CODE = YES;
				CLANG_WARN__DUPLICATE_METHOD_MATCH = YES;
				"CODE_SIGN_IDENTITY[sdk=iphoneos*]" = "iPhone Developer";
				COPY_PHASE_STRIP = NO;
				DEBUG_INFORMATION_FORMAT = "dwarf-with-dsym";
				ENABLE_NS_ASSERTIONS = NO;
				ENABLE_STRICT_OBJC_MSGSEND = YES;
				GCC_C_LANGUAGE_STANDARD = gnu99;
				GCC_NO_COMMON_BLOCKS = YES;
				GCC_WARN_64_TO_32_BIT_CONVERSION = YES;
				GCC_WARN_ABOUT_RETURN_TYPE = YES_ERROR;
				GCC_WARN_UNDECLARED_SELECTOR = YES;
				GCC_WARN_UNINITIALIZED_AUTOS = YES_AGGRESSIVE;
				GCC_WARN_UNUSED_FUNCTION = YES;
				GCC_WARN_UNUSED_VARIABLE = YES;
				IPHONEOS_DEPLOYMENT_TARGET = 9.2;
				MTL_ENABLE_DEBUG_INFO = NO;
				SDKROOT = iphoneos;
				VALIDATE_PRODUCT = YES;
			};
			name = Release;
		};
		EBB177701C3FAEF9007BAE28 /* Debug */ = {
			isa = XCBuildConfiguration;
			buildSettings = {
				ASSETCATALOG_COMPILER_APPICON_NAME = AppIcon;
				INFOPLIST_FILE = SuperCool/Info.plist;
				LD_RUNPATH_SEARCH_PATHS = "$(inherited) @executable_path/Frameworks";
				PRODUCT_BUNDLE_IDENTIFIER = com.emilyvon.SuperCool;
				PRODUCT_NAME = "$(TARGET_NAME)";
			};
			name = Debug;
		};
		EBB177711C3FAEF9007BAE28 /* Release */ = {
			isa = XCBuildConfiguration;
			buildSettings = {
				ASSETCATALOG_COMPILER_APPICON_NAME = AppIcon;
				INFOPLIST_FILE = SuperCool/Info.plist;
				LD_RUNPATH_SEARCH_PATHS = "$(inherited) @executable_path/Frameworks";
				PRODUCT_BUNDLE_IDENTIFIER = com.emilyvon.SuperCool;
				PRODUCT_NAME = "$(TARGET_NAME)";
			};
			name = Release;
		};
/* End XCBuildConfiguration section */

/* Begin XCConfigurationList section */
		EBB177581C3FAEF8007BAE28 /* Build configuration list for PBXProject "SuperCool" */ = {
			isa = XCConfigurationList;
			buildConfigurations = (
				EBB1776D1C3FAEF9007BAE28 /* Debug */,
				EBB1776E1C3FAEF9007BAE28 /* Release */,
			);
			defaultConfigurationIsVisible = 0;
			defaultConfigurationName = Release;
		};
		EBB1776F1C3FAEF9007BAE28 /* Build configuration list for PBXNativeTarget "SuperCool" */ = {
			isa = XCConfigurationList;
			buildConfigurations = (
				EBB177701C3FAEF9007BAE28 /* Debug */,
				EBB177711C3FAEF9007BAE28 /* Release */,
			);
			defaultConfigurationIsVisible = 0;
		};
/* End XCConfigurationList section */
	};
	rootObject = EBB177551C3FAEF8007BAE28 /* Project object */;
}
